
Microsoft Visual Studio Solution File, Format Version 12.00
# Visual Studio Version 17
VisualStudioVersion = 17.10.35122.118
MinimumVisualStudioVersion = 10.0.40219.1
Project("{2150E333-8FDC-42A3-9474-1A3956D46DE8}") = "WEB.API", "WEB.API", "{218CAD29-5519-4F91-AED9-CB8058E36F40}"
EndProject
Project("{9A19103F-16F7-4668-BE54-9A1E7A4F7556}") = "STN.Web.Api", "STN.Web.Api\STN.Web.Api.csproj", "{9250DB0C-F00A-49E2-8D92-035278782C6F}"
EndProject
Project("{9A19103F-16F7-4668-BE54-9A1E7A4F7556}") = "STN.Bussiness", "STN.Bussiness\STN.Bussiness.csproj", "{E6790526-FCC7-4994-BE6D-6BA155B13E2E}"
EndProject
Project("{9A19103F-16F7-4668-BE54-9A1E7A4F7556}") = "STN.Entitie", "STN.Entitie\STN.Entitie.csproj", "{87534A9A-2D22-4AEE-BD55-658ED258C88D}"
EndProject
Project("{9A19103F-16F7-4668-BE54-9A1E7A4F7556}") = "STN.Data", "STN.Data\STN.Data.csproj", "{9CFD8492-48C2-4EE5-8337-CAA57010D20A}"
EndProject
Project("{54A90642-561A-4BB1-A94E-469ADEE60C69}") = "stn.web.frontend", "STN.Web.FrontEnd\stn.web.frontend.esproj", "{12492545-BE0F-49BF-AA38-7732B395EFBC}"
EndProject
Global
	GlobalSection(SolutionConfigurationPlatforms) = preSolution
		Debug|Any CPU = Debug|Any CPU
		Release|Any CPU = Release|Any CPU
	EndGlobalSection
	GlobalSection(ProjectConfigurationPlatforms) = postSolution
		{9250DB0C-F00A-49E2-8D92-035278782C6F}.Debug|Any CPU.ActiveCfg = Debug|Any CPU
		{9250DB0C-F00A-49E2-8D92-035278782C6F}.Debug|Any CPU.Build.0 = Debug|Any CPU
		{9250DB0C-F00A-49E2-8D92-035278782C6F}.Release|Any CPU.ActiveCfg = Release|Any CPU
		{9250DB0C-F00A-49E2-8D92-035278782C6F}.Release|Any CPU.Build.0 = Release|Any CPU
		{E6790526-FCC7-4994-BE6D-6BA155B13E2E}.Debug|Any CPU.ActiveCfg = Debug|Any CPU
		{E6790526-FCC7-4994-BE6D-6BA155B13E2E}.Debug|Any CPU.Build.0 = Debug|Any CPU
		{E6790526-FCC7-4994-BE6D-6BA155B13E2E}.Release|Any CPU.ActiveCfg = Release|Any CPU
		{E6790526-FCC7-4994-BE6D-6BA155B13E2E}.Release|Any CPU.Build.0 = Release|Any CPU
		{87534A9A-2D22-4AEE-BD55-658ED258C88D}.Debug|Any CPU.ActiveCfg = Debug|Any CPU
		{87534A9A-2D22-4AEE-BD55-658ED258C88D}.Debug|Any CPU.Build.0 = Debug|Any CPU
		{87534A9A-2D22-4AEE-BD55-658ED258C88D}.Release|Any CPU.ActiveCfg = Release|Any CPU
		{87534A9A-2D22-4AEE-BD55-658ED258C88D}.Release|Any CPU.Build.0 = Release|Any CPU
		{9CFD8492-48C2-4EE5-8337-CAA57010D20A}.Debug|Any CPU.ActiveCfg = Debug|Any CPU
		{9CFD8492-48C2-4EE5-8337-CAA57010D20A}.Debug|Any CPU.Build.0 = Debug|Any CPU
		{9CFD8492-48C2-4EE5-8337-CAA57010D20A}.Release|Any CPU.ActiveCfg = Release|Any CPU
		{9CFD8492-48C2-4EE5-8337-CAA57010D20A}.Release|Any CPU.Build.0 = Release|Any CPU
		{12492545-BE0F-49BF-AA38-7732B395EFBC}.Debug|Any CPU.ActiveCfg = Debug|Any CPU
		{12492545-BE0F-49BF-AA38-7732B395EFBC}.Debug|Any CPU.Build.0 = Debug|Any CPU
		{12492545-BE0F-49BF-AA38-7732B395EFBC}.Debug|Any CPU.Deploy.0 = Debug|Any CPU
		{12492545-BE0F-49BF-AA38-7732B395EFBC}.Release|Any CPU.ActiveCfg = Release|Any CPU
		{12492545-BE0F-49BF-AA38-7732B395EFBC}.Release|Any CPU.Build.0 = Release|Any CPU
		{12492545-BE0F-49BF-AA38-7732B395EFBC}.Release|Any CPU.Deploy.0 = Release|Any CPU
	EndGlobalSection
	GlobalSection(SolutionProperties) = preSolution
		HideSolutionNode = FALSE
	EndGlobalSection
	GlobalSection(NestedProjects) = preSolution
		{9250DB0C-F00A-49E2-8D92-035278782C6F} = {218CAD29-5519-4F91-AED9-CB8058E36F40}
		{E6790526-FCC7-4994-BE6D-6BA155B13E2E} = {218CAD29-5519-4F91-AED9-CB8058E36F40}
		{87534A9A-2D22-4AEE-BD55-658ED258C88D} = {218CAD29-5519-4F91-AED9-CB8058E36F40}
		{9CFD8492-48C2-4EE5-8337-CAA57010D20A} = {218CAD29-5519-4F91-AED9-CB8058E36F40}
	EndGlobalSection
	GlobalSection(ExtensibilityGlobals) = postSolution
		SolutionGuid = {E19CC6DB-BDD9-445B-9E90-446AE5B6F548}
	EndGlobalSection
EndGlobal
